
Microsoft Visual Studio Solution File, Format Version 11.00
# Visual Studio 2010
Project("{8BC9CEB8-8B4A-11D0-8D11-00A0C91BC942}") = "AMBER", "AMBER\AMBER.vcxproj", "{CDAAED8A-4DC3-4C36-A114-4B5D03C13A60}"
EndProject
Global
	GlobalSection(SolutionConfigurationPlatforms) = preSolution
		Debug|Win32 = Debug|Win32
		Release|Win32 = Release|Win32
	EndGlobalSection
	GlobalSection(ProjectConfigurationPlatforms) = postSolution
		{CDAAED8A-4DC3-4C36-A114-4B5D03C13A60}.Debug|Win32.ActiveCfg = Debug|Win32
		{CDAAED8A-4DC3-4C36-A114-4B5D03C13A60}.Debug|Win32.Build.0 = Debug|Win32
		{CDAAED8A-4DC3-4C36-A114-4B5D03C13A60}.Release|Win32.ActiveCfg = Release|Win32
		{CDAAED8A-4DC3-4C36-A114-4B5D03C13A60}.Release|Win32.Build.0 = Release|Win32
	EndGlobalSection
	GlobalSection(SolutionProperties) = preSolution
		HideSolutionNode = FALSE
	EndGlobalSection
EndGlobal
